
Microsoft Visual Studio Solution File, Format Version 12.00
# Visual Studio Version 17
VisualStudioVersion = 17.8.34330.188
MinimumVisualStudioVersion = 10.0.40219.1
Project("{FAE04EC0-301F-11D3-BF4B-00C04F79EFBC}") = "FelipeNoRepositoryApiTemplate.API", "FelipeNoRepositoryApiTemplate.API\FelipeNoRepositoryApiTemplate.API.csproj", "{2A6551A2-1864-4ED1-8842-9ABD8CCB974C}"
EndProject
Project("{FAE04EC0-301F-11D3-BF4B-00C04F79EFBC}") = "FelipeNoRepositoryApiTemplate.Application", "FelipeNoRepositoryApiTemplate.Application\FelipeNoRepositoryApiTemplate.Application.csproj", "{DAA238E4-5AD9-48E1-8DC2-C891726324B0}"
EndProject
Project("{FAE04EC0-301F-11D3-BF4B-00C04F79EFBC}") = "FelipeNoRepositoryApiTemplate.Domain", "FelipeNoRepositoryApiTemplate.Domain\FelipeNoRepositoryApiTemplate.Domain.csproj", "{45A7EC9B-FB5B-4EF4-9D69-04045E0A28E5}"
EndProject
Global
	GlobalSection(SolutionConfigurationPlatforms) = preSolution
		Debug|Any CPU = Debug|Any CPU
		Release|Any CPU = Release|Any CPU
	EndGlobalSection
	GlobalSection(ProjectConfigurationPlatforms) = postSolution
		{2A6551A2-1864-4ED1-8842-9ABD8CCB974C}.Debug|Any CPU.ActiveCfg = Debug|Any CPU
		{2A6551A2-1864-4ED1-8842-9ABD8CCB974C}.Debug|Any CPU.Build.0 = Debug|Any CPU
		{2A6551A2-1864-4ED1-8842-9ABD8CCB974C}.Release|Any CPU.ActiveCfg = Release|Any CPU
		{2A6551A2-1864-4ED1-8842-9ABD8CCB974C}.Release|Any CPU.Build.0 = Release|Any CPU
		{DAA238E4-5AD9-48E1-8DC2-C891726324B0}.Debug|Any CPU.ActiveCfg = Debug|Any CPU
		{DAA238E4-5AD9-48E1-8DC2-C891726324B0}.Debug|Any CPU.Build.0 = Debug|Any CPU
		{DAA238E4-5AD9-48E1-8DC2-C891726324B0}.Release|Any CPU.ActiveCfg = Release|Any CPU
		{DAA238E4-5AD9-48E1-8DC2-C891726324B0}.Release|Any CPU.Build.0 = Release|Any CPU
		{45A7EC9B-FB5B-4EF4-9D69-04045E0A28E5}.Debug|Any CPU.ActiveCfg = Debug|Any CPU
		{45A7EC9B-FB5B-4EF4-9D69-04045E0A28E5}.Debug|Any CPU.Build.0 = Debug|Any CPU
		{45A7EC9B-FB5B-4EF4-9D69-04045E0A28E5}.Release|Any CPU.ActiveCfg = Release|Any CPU
		{45A7EC9B-FB5B-4EF4-9D69-04045E0A28E5}.Release|Any CPU.Build.0 = Release|Any CPU
	EndGlobalSection
	GlobalSection(SolutionProperties) = preSolution
		HideSolutionNode = FALSE
	EndGlobalSection
	GlobalSection(ExtensibilityGlobals) = postSolution
		SolutionGuid = {A4F5DF2E-D6B2-4529-9175-CF8A45ACA7DE}
	EndGlobalSection
EndGlobal
